// !$*UTF8*$!
{
	archiveVersion = 1;
	classes = {
	};
	objectVersion = 48;
	objects = {

/* Begin PBXBuildFile section */
		FA21291B208EC78B004C35A2 /* AppDelegate.swift in Sources */ = {isa = PBXBuildFile; fileRef = FA21291A208EC78B004C35A2 /* AppDelegate.swift */; };
		FA21291D208EC78B004C35A2 /* ViewController.swift in Sources */ = {isa = PBXBuildFile; fileRef = FA21291C208EC78B004C35A2 /* ViewController.swift */; };
		FA212920208EC78B004C35A2 /* Main.storyboard in Resources */ = {isa = PBXBuildFile; fileRef = FA21291E208EC78B004C35A2 /* Main.storyboard */; };
		FA212922208EC78B004C35A2 /* Assets.xcassets in Resources */ = {isa = PBXBuildFile; fileRef = FA212921208EC78B004C35A2 /* Assets.xcassets */; };
		FA212925208EC78B004C35A2 /* LaunchScreen.storyboard in Resources */ = {isa = PBXBuildFile; fileRef = FA212923208EC78B004C35A2 /* LaunchScreen.storyboard */; };
		FA212930208EC78C004C35A2 /* enumTests.swift in Sources */ = {isa = PBXBuildFile; fileRef = FA21292F208EC78C004C35A2 /* enumTests.swift */; };
		FA21293B208EC78C004C35A2 /* enumUITests.swift in Sources */ = {isa = PBXBuildFile; fileRef = FA21293A208EC78C004C35A2 /* enumUITests.swift */; };
/* End PBXBuildFile section */

/* Begin PBXContainerItemProxy section */
		FA21292C208EC78C004C35A2 /* PBXContainerItemProxy */ = {
			isa = PBXContainerItemProxy;
			containerPortal = FA21290F208EC78B004C35A2 /* Project object */;
			proxyType = 1;
			remoteGlobalIDString = FA212916208EC78B004C35A2;
			remoteInfo = enum;
		};
		FA212937208EC78C004C35A2 /* PBXContainerItemProxy */ = {
			isa = PBXContainerItemProxy;
			containerPortal = FA21290F208EC78B004C35A2 /* Project object */;
			proxyType = 1;
			remoteGlobalIDString = FA212916208EC78B004C35A2;
			remoteInfo = enum;
		};
/* End PBXContainerItemProxy section */

/* Begin PBXFileReference section */
		FA212917208EC78B004C35A2 /* enum.app */ = {isa = PBXFileReference; explicitFileType = wrapper.application; includeInIndex = 0; path = enum.app; sourceTree = BUILT_PRODUCTS_DIR; };
		FA21291A208EC78B004C35A2 /* AppDelegate.swift */ = {isa = PBXFileReference; lastKnownFileType = sourcecode.swift; path = AppDelegate.swift; sourceTree = "<group>"; };
		FA21291C208EC78B004C35A2 /* ViewController.swift */ = {isa = PBXFileReference; lastKnownFileType = sourcecode.swift; path = ViewController.swift; sourceTree = "<group>"; };
		FA21291F208EC78B004C35A2 /* Base */ = {isa = PBXFileReference; lastKnownFileType = file.storyboard; name = Base; path = Base.lproj/Main.storyboard; sourceTree = "<group>"; };
		FA212921208EC78B004C35A2 /* Assets.xcassets */ = {isa = PBXFileReference; lastKnownFileType = folder.assetcatalog; path = Assets.xcassets; sourceTree = "<group>"; };
		FA212924208EC78B004C35A2 /* Base */ = {isa = PBXFileReference; lastKnownFileType = file.storyboard; name = Base; path = Base.lproj/LaunchScreen.storyboard; sourceTree = "<group>"; };
		FA212926208EC78B004C35A2 /* Info.plist */ = {isa = PBXFileReference; lastKnownFileType = text.plist.xml; path = Info.plist; sourceTree = "<group>"; };
		FA21292B208EC78C004C35A2 /* enumTests.xctest */ = {isa = PBXFileReference; explicitFileType = wrapper.cfbundle; includeInIndex = 0; path = enumTests.xctest; sourceTree = BUILT_PRODUCTS_DIR; };
		FA21292F208EC78C004C35A2 /* enumTests.swift */ = {isa = PBXFileReference; lastKnownFileType = sourcecode.swift; path = enumTests.swift; sourceTree = "<group>"; };
		FA212931208EC78C004C35A2 /* Info.plist */ = {isa = PBXFileReference; lastKnownFileType = text.plist.xml; path = Info.plist; sourceTree = "<group>"; };
		FA212936208EC78C004C35A2 /* enumUITests.xctest */ = {isa = PBXFileReference; explicitFileType = wrapper.cfbundle; includeInIndex = 0; path = enumUITests.xctest; sourceTree = BUILT_PRODUCTS_DIR; };
		FA21293A208EC78C004C35A2 /* enumUITests.swift */ = {isa = PBXFileReference; lastKnownFileType = sourcecode.swift; path = enumUITests.swift; sourceTree = "<group>"; };
		FA21293C208EC78C004C35A2 /* Info.plist */ = {isa = PBXFileReference; lastKnownFileType = text.plist.xml; path = Info.plist; sourceTree = "<group>"; };
/* End PBXFileReference section */

/* Begin PBXFrameworksBuildPhase section */
		FA212914208EC78B004C35A2 /* Frameworks */ = {
			isa = PBXFrameworksBuildPhase;
			buildActionMask = 2147483647;
			files = (
			);
			runOnlyForDeploymentPostprocessing = 0;
		};
		FA212928208EC78C004C35A2 /* Frameworks */ = {
			isa = PBXFrameworksBuildPhase;
			buildActionMask = 2147483647;
			files = (
			);
			runOnlyForDeploymentPostprocessing = 0;
		};
		FA212933208EC78C004C35A2 /* Frameworks */ = {
			isa = PBXFrameworksBuildPhase;
			buildActionMask = 2147483647;
			files = (
			);
			runOnlyForDeploymentPostprocessing = 0;
		};
/* End PBXFrameworksBuildPhase section */

/* Begin PBXGroup section */
		FA21290E208EC78B004C35A2 = {
			isa = PBXGroup;
			children = (
				FA212919208EC78B004C35A2 /* enum */,
				FA21292E208EC78C004C35A2 /* enumTests */,
				FA212939208EC78C004C35A2 /* enumUITests */,
				FA212918208EC78B004C35A2 /* Products */,
			);
			sourceTree = "<group>";
		};
		FA212918208EC78B004C35A2 /* Products */ = {
			isa = PBXGroup;
			children = (
				FA212917208EC78B004C35A2 /* enum.app */,
				FA21292B208EC78C004C35A2 /* enumTests.xctest */,
				FA212936208EC78C004C35A2 /* enumUITests.xctest */,
			);
			name = Products;
			sourceTree = "<group>";
		};
		FA212919208EC78B004C35A2 /* enum */ = {
			isa = PBXGroup;
			children = (
				FA21291A208EC78B004C35A2 /* AppDelegate.swift */,
				FA21291C208EC78B004C35A2 /* ViewController.swift */,
				FA21291E208EC78B004C35A2 /* Main.storyboard */,
				FA212921208EC78B004C35A2 /* Assets.xcassets */,
				FA212923208EC78B004C35A2 /* LaunchScreen.storyboard */,
				FA212926208EC78B004C35A2 /* Info.plist */,
			);
			path = enum;
			sourceTree = "<group>";
		};
		FA21292E208EC78C004C35A2 /* enumTests */ = {
			isa = PBXGroup;
			children = (
				FA21292F208EC78C004C35A2 /* enumTests.swift */,
				FA212931208EC78C004C35A2 /* Info.plist */,
			);
			path = enumTests;
			sourceTree = "<group>";
		};
		FA212939208EC78C004C35A2 /* enumUITests */ = {
			isa = PBXGroup;
			children = (
				FA21293A208EC78C004C35A2 /* enumUITests.swift */,
				FA21293C208EC78C004C35A2 /* Info.plist */,
			);
			path = enumUITests;
			sourceTree = "<group>";
		};
/* End PBXGroup section */

/* Begin PBXNativeTarget section */
		FA212916208EC78B004C35A2 /* enum */ = {
			isa = PBXNativeTarget;
			buildConfigurationList = FA21293F208EC78C004C35A2 /* Build configuration list for PBXNativeTarget "enum" */;
			buildPhases = (
				FA212913208EC78B004C35A2 /* Sources */,
				FA212914208EC78B004C35A2 /* Frameworks */,
				FA212915208EC78B004C35A2 /* Resources */,
			);
			buildRules = (
			);
			dependencies = (
			);
			name = enum;
			productName = enum;
			productReference = FA212917208EC78B004C35A2 /* enum.app */;
			productType = "com.apple.product-type.application";
		};
		FA21292A208EC78C004C35A2 /* enumTests */ = {
			isa = PBXNativeTarget;
			buildConfigurationList = FA212942208EC78C004C35A2 /* Build configuration list for PBXNativeTarget "enumTests" */;
			buildPhases = (
				FA212927208EC78C004C35A2 /* Sources */,
				FA212928208EC78C004C35A2 /* Frameworks */,
				FA212929208EC78C004C35A2 /* Resources */,
			);
			buildRules = (
			);
			dependencies = (
				FA21292D208EC78C004C35A2 /* PBXTargetDependency */,
			);
			name = enumTests;
			productName = enumTests;
			productReference = FA21292B208EC78C004C35A2 /* enumTests.xctest */;
			productType = "com.apple.product-type.bundle.unit-test";
		};
		FA212935208EC78C004C35A2 /* enumUITests */ = {
			isa = PBXNativeTarget;
			buildConfigurationList = FA212945208EC78C004C35A2 /* Build configuration list for PBXNativeTarget "enumUITests" */;
			buildPhases = (
				FA212932208EC78C004C35A2 /* Sources */,
				FA212933208EC78C004C35A2 /* Frameworks */,
				FA212934208EC78C004C35A2 /* Resources */,
			);
			buildRules = (
			);
			dependencies = (
				FA212938208EC78C004C35A2 /* PBXTargetDependency */,
			);
			name = enumUITests;
			productName = enumUITests;
			productReference = FA212936208EC78C004C35A2 /* enumUITests.xctest */;
			productType = "com.apple.product-type.bundle.ui-testing";
		};
/* End PBXNativeTarget section */

/* Begin PBXProject section */
		FA21290F208EC78B004C35A2 /* Project object */ = {
			isa = PBXProject;
			attributes = {
				LastSwiftUpdateCheck = 0920;
				LastUpgradeCheck = 0920;
				ORGANIZATIONNAME = "新井岩生";
				TargetAttributes = {
					FA212916208EC78B004C35A2 = {
						CreatedOnToolsVersion = 9.2;
						ProvisioningStyle = Automatic;
					};
					FA21292A208EC78C004C35A2 = {
						CreatedOnToolsVersion = 9.2;
						ProvisioningStyle = Automatic;
						TestTargetID = FA212916208EC78B004C35A2;
					};
					FA212935208EC78C004C35A2 = {
						CreatedOnToolsVersion = 9.2;
						ProvisioningStyle = Automatic;
						TestTargetID = FA212916208EC78B004C35A2;
					};
				};
			};
			buildConfigurationList = FA212912208EC78B004C35A2 /* Build configuration list for PBXProject "enum" */;
			compatibilityVersion = "Xcode 8.0";
			developmentRegion = en;
			hasScannedForEncodings = 0;
			knownRegions = (
				en,
				Base,
			);
			mainGroup = FA21290E208EC78B004C35A2;
			productRefGroup = FA212918208EC78B004C35A2 /* Products */;
			projectDirPath = "";
			projectRoot = "";
			targets = (
				FA212916208EC78B004C35A2 /* enum */,
				FA21292A208EC78C004C35A2 /* enumTests */,
				FA212935208EC78C004C35A2 /* enumUITests */,
			);
		};
/* End PBXProject section */

/* Begin PBXResourcesBuildPhase section */
		FA212915208EC78B004C35A2 /* Resources */ = {
			isa = PBXResourcesBuildPhase;
			buildActionMask = 2147483647;
			files = (
				FA212925208EC78B004C35A2 /* LaunchScreen.storyboard in Resources */,
				FA212922208EC78B004C35A2 /* Assets.xcassets in Resources */,
				FA212920208EC78B004C35A2 /* Main.storyboard in Resources */,
			);
			runOnlyForDeploymentPostprocessing = 0;
		};
		FA212929208EC78C004C35A2 /* Resources */ = {
			isa = PBXResourcesBuildPhase;
			buildActionMask = 2147483647;
			files = (
			);
			runOnlyForDeploymentPostprocessing = 0;
		};
		FA212934208EC78C004C35A2 /* Resources */ = {
			isa = PBXResourcesBuildPhase;
			buildActionMask = 2147483647;
			files = (
			);
			runOnlyForDeploymentPostprocessing = 0;
		};
/* End PBXResourcesBuildPhase section */

/* Begin PBXSourcesBuildPhase section */
		FA212913208EC78B004C35A2 /* Sources */ = {
			isa = PBXSourcesBuildPhase;
			buildActionMask = 2147483647;
			files = (
				FA21291D208EC78B004C35A2 /* ViewController.swift in Sources */,
				FA21291B208EC78B004C35A2 /* AppDelegate.swift in Sources */,
			);
			runOnlyForDeploymentPostprocessing = 0;
		};
		FA212927208EC78C004C35A2 /* Sources */ = {
			isa = PBXSourcesBuildPhase;
			buildActionMask = 2147483647;
			files = (
				FA212930208EC78C004C35A2 /* enumTests.swift in Sources */,
			);
			runOnlyForDeploymentPostprocessing = 0;
		};
		FA212932208EC78C004C35A2 /* Sources */ = {
			isa = PBXSourcesBuildPhase;
			buildActionMask = 2147483647;
			files = (
				FA21293B208EC78C004C35A2 /* enumUITests.swift in Sources */,
			);
			runOnlyForDeploymentPostprocessing = 0;
		};
/* End PBXSourcesBuildPhase section */

/* Begin PBXTargetDependency section */
		FA21292D208EC78C004C35A2 /* PBXTargetDependency */ = {
			isa = PBXTargetDependency;
			target = FA212916208EC78B004C35A2 /* enum */;
			targetProxy = FA21292C208EC78C004C35A2 /* PBXContainerItemProxy */;
		};
		FA212938208EC78C004C35A2 /* PBXTargetDependency */ = {
			isa = PBXTargetDependency;
			target = FA212916208EC78B004C35A2 /* enum */;
			targetProxy = FA212937208EC78C004C35A2 /* PBXContainerItemProxy */;
		};
/* End PBXTargetDependency section */

/* Begin PBXVariantGroup section */
		FA21291E208EC78B004C35A2 /* Main.storyboard */ = {
			isa = PBXVariantGroup;
			children = (
				FA21291F208EC78B004C35A2 /* Base */,
			);
			name = Main.storyboard;
			sourceTree = "<group>";
		};
		FA212923208EC78B004C35A2 /* LaunchScreen.storyboard */ = {
			isa = PBXVariantGroup;
			children = (
				FA212924208EC78B004C35A2 /* Base */,
			);
			name = LaunchScreen.storyboard;
			sourceTree = "<group>";
		};
/* End PBXVariantGroup section */

/* Begin XCBuildConfiguration section */
		FA21293D208EC78C004C35A2 /* Debug */ = {
			isa = XCBuildConfiguration;
			buildSettings = {
				ALWAYS_SEARCH_USER_PATHS = NO;
				CLANG_ANALYZER_NONNULL = YES;
				CLANG_ANALYZER_NUMBER_OBJECT_CONVERSION = YES_AGGRESSIVE;
				CLANG_CXX_LANGUAGE_STANDARD = "gnu++14";
				CLANG_CXX_LIBRARY = "libc++";
				CLANG_ENABLE_MODULES = YES;
				CLANG_ENABLE_OBJC_ARC = YES;
				CLANG_WARN_BLOCK_CAPTURE_AUTORELEASING = YES;
				CLANG_WARN_BOOL_CONVERSION = YES;
				CLANG_WARN_COMMA = YES;
				CLANG_WARN_CONSTANT_CONVERSION = YES;
				CLANG_WARN_DIRECT_OBJC_ISA_USAGE = YES_ERROR;
				CLANG_WARN_DOCUMENTATION_COMMENTS = YES;
				CLANG_WARN_EMPTY_BODY = YES;
				CLANG_WARN_ENUM_CONVERSION = YES;
				CLANG_WARN_INFINITE_RECURSION = YES;
				CLANG_WARN_INT_CONVERSION = YES;
				CLANG_WARN_NON_LITERAL_NULL_CONVERSION = YES;
				CLANG_WARN_OBJC_LITERAL_CONVERSION = YES;
				CLANG_WARN_OBJC_ROOT_CLASS = YES_ERROR;
				CLANG_WARN_RANGE_LOOP_ANALYSIS = YES;
				CLANG_WARN_STRICT_PROTOTYPES = YES;
				CLANG_WARN_SUSPICIOUS_MOVE = YES;
				CLANG_WARN_UNGUARDED_AVAILABILITY = YES_AGGRESSIVE;
				CLANG_WARN_UNREACHABLE_CODE = YES;
				CLANG_WARN__DUPLICATE_METHOD_MATCH = YES;
				CODE_SIGN_IDENTITY = "iPhone Developer";
				COPY_PHASE_STRIP = NO;
				DEBUG_INFORMATION_FORMAT = dwarf;
				ENABLE_STRICT_OBJC_MSGSEND = YES;
				ENABLE_TESTABILITY = YES;
				GCC_C_LANGUAGE_STANDARD = gnu11;
				GCC_DYNAMIC_NO_PIC = NO;
				GCC_NO_COMMON_BLOCKS = YES;
				GCC_OPTIMIZATION_LEVEL = 0;
				GCC_PREPROCESSOR_DEFINITIONS = (
					"DEBUG=1",
					"$(inherited)",
				);
				GCC_WARN_64_TO_32_BIT_CONVERSION = YES;
				GCC_WARN_ABOUT_RETURN_TYPE = YES_ERROR;
				GCC_WARN_UNDECLARED_SELECTOR = YES;
				GCC_WARN_UNINITIALIZED_AUTOS = YES_AGGRESSIVE;
				GCC_WARN_UNUSED_FUNCTION = YES;
				GCC_WARN_UNUSED_VARIABLE = YES;
				IPHONEOS_DEPLOYMENT_TARGET = 11.2;
				MTL_ENABLE_DEBUG_INFO = YES;
				ONLY_ACTIVE_ARCH = YES;
				SDKROOT = iphoneos;
				SWIFT_ACTIVE_COMPILATION_CONDITIONS = DEBUG;
				SWIFT_OPTIMIZATION_LEVEL = "-Onone";
			};
			name = Debug;
		};
		FA21293E208EC78C004C35A2 /* Release */ = {
			isa = XCBuildConfiguration;
			buildSettings = {
				ALWAYS_SEARCH_USER_PATHS = NO;
				CLANG_ANALYZER_NONNULL = YES;
				CLANG_ANALYZER_NUMBER_OBJECT_CONVERSION = YES_AGGRESSIVE;
				CLANG_CXX_LANGUAGE_STANDARD = "gnu++14";
				CLANG_CXX_LIBRARY = "libc++";
				CLANG_ENABLE_MODULES = YES;
				CLANG_ENABLE_OBJC_ARC = YES;
				CLANG_WARN_BLOCK_CAPTURE_AUTORELEASING = YES;
				CLANG_WARN_BOOL_CONVERSION = YES;
				CLANG_WARN_COMMA = YES;
				CLANG_WARN_CONSTANT_CONVERSION = YES;
				CLANG_WARN_DIRECT_OBJC_ISA_USAGE = YES_ERROR;
				CLANG_WARN_DOCUMENTATION_COMMENTS = YES;
				CLANG_WARN_EMPTY_BODY = YES;
				CLANG_WARN_ENUM_CONVERSION = YES;
				CLANG_WARN_INFINITE_RECURSION = YES;
				CLANG_WARN_INT_CONVERSION = YES;
				CLANG_WARN_NON_LITERAL_NULL_CONVERSION = YES;
				CLANG_WARN_OBJC_LITERAL_CONVERSION = YES;
				CLANG_WARN_OBJC_ROOT_CLASS = YES_ERROR;
				CLANG_WARN_RANGE_LOOP_ANALYSIS = YES;
				CLANG_WARN_STRICT_PROTOTYPES = YES;
				CLANG_WARN_SUSPICIOUS_MOVE = YES;
				CLANG_WARN_UNGUARDED_AVAILABILITY = YES_AGGRESSIVE;
				CLANG_WARN_UNREACHABLE_CODE = YES;
				CLANG_WARN__DUPLICATE_METHOD_MATCH = YES;
				CODE_SIGN_IDENTITY = "iPhone Developer";
				COPY_PHASE_STRIP = NO;
				DEBUG_INFORMATION_FORMAT = "dwarf-with-dsym";
				ENABLE_NS_ASSERTIONS = NO;
				ENABLE_STRICT_OBJC_MSGSEND = YES;
				GCC_C_LANGUAGE_STANDARD = gnu11;
				GCC_NO_COMMON_BLOCKS = YES;
				GCC_WARN_64_TO_32_BIT_CONVERSION = YES;
				GCC_WARN_ABOUT_RETURN_TYPE = YES_ERROR;
				GCC_WARN_UNDECLARED_SELECTOR = YES;
				GCC_WARN_UNINITIALIZED_AUTOS = YES_AGGRESSIVE;
				GCC_WARN_UNUSED_FUNCTION = YES;
				GCC_WARN_UNUSED_VARIABLE = YES;
				IPHONEOS_DEPLOYMENT_TARGET = 11.2;
				MTL_ENABLE_DEBUG_INFO = NO;
				SDKROOT = iphoneos;
				SWIFT_OPTIMIZATION_LEVEL = "-Owholemodule";
				VALIDATE_PRODUCT = YES;
			};
			name = Release;
		};
		FA212940208EC78C004C35A2 /* Debug */ = {
			isa = XCBuildConfiguration;
			buildSettings = {
				ASSETCATALOG_COMPILER_APPICON_NAME = AppIcon;
				CODE_SIGN_STYLE = Automatic;
				DEVELOPMENT_TEAM = JCJ36GJPC7;
				INFOPLIST_FILE = enum/Info.plist;
				LD_RUNPATH_SEARCH_PATHS = "$(inherited) @executable_path/Frameworks";
				PRODUCT_BUNDLE_IDENTIFIER = com.task.arai.enum;
				PRODUCT_NAME = "$(TARGET_NAME)";
				SWIFT_VERSION = 4.0;
				TARGETED_DEVICE_FAMILY = "1,2";
			};
			name = Debug;
		};
		FA212941208EC78C004C35A2 /* Release */ = {
			isa = XCBuildConfiguration;
			buildSettings = {
				ASSETCATALOG_COMPILER_APPICON_NAME = AppIcon;
				CODE_SIGN_STYLE = Automatic;
				DEVELOPMENT_TEAM = JCJ36GJPC7;
				INFOPLIST_FILE = enum/Info.plist;
				LD_RUNPATH_SEARCH_PATHS = "$(inherited) @executable_path/Frameworks";
				PRODUCT_BUNDLE_IDENTIFIER = com.task.arai.enum;
				PRODUCT_NAME = "$(TARGET_NAME)";
				SWIFT_VERSION = 4.0;
				TARGETED_DEVICE_FAMILY = "1,2";
			};
			name = Release;
		};
		FA212943208EC78C004C35A2 /* Debug */ = {
			isa = XCBuildConfiguration;
			buildSettings = {
				ALWAYS_EMBED_SWIFT_STANDARD_LIBRARIES = YES;
				BUNDLE_LOADER = "$(TEST_HOST)";
				CODE_SIGN_STYLE = Automatic;
				DEVELOPMENT_TEAM = JCJ36GJPC7;
				INFOPLIST_FILE = enumTests/Info.plist;
				LD_RUNPATH_SEARCH_PATHS = "$(inherited) @executable_path/Frameworks @loader_path/Frameworks";
				PRODUCT_BUNDLE_IDENTIFIER = com.task.arai.enumTests;
				PRODUCT_NAME = "$(TARGET_NAME)";
				SWIFT_VERSION = 4.0;
				TARGETED_DEVICE_FAMILY = "1,2";
				TEST_HOST = "$(BUILT_PRODUCTS_DIR)/enum.app/enum";
			};
			name = Debug;
		};
		FA212944208EC78C004C35A2 /* Release */ = {
			isa = XCBuildConfiguration;
			buildSettings = {
				ALWAYS_EMBED_SWIFT_STANDARD_LIBRARIES = YES;
				BUNDLE_LOADER = "$(TEST_HOST)";
				CODE_SIGN_STYLE = Automatic;
				DEVELOPMENT_TEAM = JCJ36GJPC7;
				INFOPLIST_FILE = enumTests/Info.plist;
				LD_RUNPATH_SEARCH_PATHS = "$(inherited) @executable_path/Frameworks @loader_path/Frameworks";
				PRODUCT_BUNDLE_IDENTIFIER = com.task.arai.enumTests;
				PRODUCT_NAME = "$(TARGET_NAME)";
				SWIFT_VERSION = 4.0;
				TARGETED_DEVICE_FAMILY = "1,2";
				TEST_HOST = "$(BUILT_PRODUCTS_DIR)/enum.app/enum";
			};
			name = Release;
		};
		FA212946208EC78C004C35A2 /* Debug */ = {
			isa = XCBuildConfiguration;
			buildSettings = {
				ALWAYS_EMBED_SWIFT_STANDARD_LIBRARIES = YES;
				CODE_SIGN_STYLE = Automatic;
				DEVELOPMENT_TEAM = JCJ36GJPC7;
				INFOPLIST_FILE = enumUITests/Info.plist;
				LD_RUNPATH_SEARCH_PATHS = "$(inherited) @executable_path/Frameworks @loader_path/Frameworks";
				PRODUCT_BUNDLE_IDENTIFIER = com.task.arai.enumUITests;
				PRODUCT_NAME = "$(TARGET_NAME)";
				SWIFT_VERSION = 4.0;
				TARGETED_DEVICE_FAMILY = "1,2";
				TEST_TARGET_NAME = enum;
			};
			name = Debug;
		};
		FA212947208EC78C004C35A2 /* Release */ = {
			isa = XCBuildConfiguration;
			buildSettings = {
				ALWAYS_EMBED_SWIFT_STANDARD_LIBRARIES = YES;
				CODE_SIGN_STYLE = Automatic;
				DEVELOPMENT_TEAM = JCJ36GJPC7;
				INFOPLIST_FILE = enumUITests/Info.plist;
				LD_RUNPATH_SEARCH_PATHS = "$(inherited) @executable_path/Frameworks @loader_path/Frameworks";
				PRODUCT_BUNDLE_IDENTIFIER = com.task.arai.enumUITests;
				PRODUCT_NAME = "$(TARGET_NAME)";
				SWIFT_VERSION = 4.0;
				TARGETED_DEVICE_FAMILY = "1,2";
				TEST_TARGET_NAME = enum;
			};
			name = Release;
		};
/* End XCBuildConfiguration section */

/* Begin XCConfigurationList section */
		FA212912208EC78B004C35A2 /* Build configuration list for PBXProject "enum" */ = {
			isa = XCConfigurationList;
			buildConfigurations = (
				FA21293D208EC78C004C35A2 /* Debug */,
				FA21293E208EC78C004C35A2 /* Release */,
			);
			defaultConfigurationIsVisible = 0;
			defaultConfigurationName = Release;
		};
		FA21293F208EC78C004C35A2 /* Build configuration list for PBXNativeTarget "enum" */ = {
			isa = XCConfigurationList;
			buildConfigurations = (
				FA212940208EC78C004C35A2 /* Debug */,
				FA212941208EC78C004C35A2 /* Release */,
			);
			defaultConfigurationIsVisible = 0;
			defaultConfigurationName = Release;
		};
		FA212942208EC78C004C35A2 /* Build configuration list for PBXNativeTarget "enumTests" */ = {
			isa = XCConfigurationList;
			buildConfigurations = (
				FA212943208EC78C004C35A2 /* Debug */,
				FA212944208EC78C004C35A2 /* Release */,
			);
			defaultConfigurationIsVisible = 0;
			defaultConfigurationName = Release;
		};
		FA212945208EC78C004C35A2 /* Build configuration list for PBXNativeTarget "enumUITests" */ = {
			isa = XCConfigurationList;
			buildConfigurations = (
				FA212946208EC78C004C35A2 /* Debug */,
				FA212947208EC78C004C35A2 /* Release */,
			);
			defaultConfigurationIsVisible = 0;
			defaultConfigurationName = Release;
		};
/* End XCConfigurationList section */
	};
	rootObject = FA21290F208EC78B004C35A2 /* Project object */;
}
